
Microsoft Visual Studio Solution File, Format Version 12.00
# Visual Studio 14
VisualStudioVersion = 14.0.25420.1
MinimumVisualStudioVersion = 10.0.40219.1
Project("{FAE04EC0-301F-11D3-BF4B-00C04F79EFBC}") = "WLL.Jingping", "WLL\WLL.Jingping.csproj", "{05F6EF9D-DEA5-49DD-828B-ACF3B79AD96B}"
EndProject
Project("{FAE04EC0-301F-11D3-BF4B-00C04F79EFBC}") = "Model", "Model\Model.csproj", "{846DA0E1-DC5F-49E4-A79A-DAB9F4C82E39}"
EndProject
Project("{2150E333-8FDC-42A3-9474-1A3956D46DE8}") = "数据访问层", "数据访问层", "{A89D2A09-122B-48C1-B326-26B782FF9621}"
EndProject
Project("{2150E333-8FDC-42A3-9474-1A3956D46DE8}") = "业务逻辑层", "业务逻辑层", "{F5AB7F75-6CF2-4C78-8F79-0549F7AC9F7E}"
EndProject
Project("{FAE04EC0-301F-11D3-BF4B-00C04F79EFBC}") = "BLL", "BLL\BLL.csproj", "{7B5BE3AD-E900-45BF-BDA1-E9351B909D18}"
EndProject
Project("{FAE04EC0-301F-11D3-BF4B-00C04F79EFBC}") = "DAL", "DAL\DAL.csproj", "{20185A1D-20E4-4908-8FAE-B561107E6EC0}"
EndProject
Project("{2150E333-8FDC-42A3-9474-1A3956D46DE8}") = "Common", "Common", "{DDD52805-5C68-46AF-A226-A3455271D621}"
EndProject
Project("{FAE04EC0-301F-11D3-BF4B-00C04F79EFBC}") = "Common", "Common\Common.csproj", "{330C21A8-DCF9-412C-9283-CD25EE2C6FDC}"
EndProject
Project("{FAE04EC0-301F-11D3-BF4B-00C04F79EFBC}") = "SqlSugar", "SqlSugar\SqlSugar.csproj", "{CF830427-DC1D-41D1-950E-EEB4CE866468}"
EndProject
Project("{FAE04EC0-301F-11D3-BF4B-00C04F79EFBC}") = "Utlity", "Utility\Utlity.csproj", "{28D74138-A0DB-4374-A8DB-EE68FA6C976D}"
EndProject
Project("{FAE04EC0-301F-11D3-BF4B-00C04F79EFBC}") = "WLL.Web", "Web\WLL.Web.csproj", "{683EA2A3-88B0-45E0-9536-595429CC54D1}"
EndProject
Global
	GlobalSection(SolutionConfigurationPlatforms) = preSolution
		Debug|Any CPU = Debug|Any CPU
		Release|Any CPU = Release|Any CPU
	EndGlobalSection
	GlobalSection(ProjectConfigurationPlatforms) = postSolution
		{05F6EF9D-DEA5-49DD-828B-ACF3B79AD96B}.Debug|Any CPU.ActiveCfg = Debug|Any CPU
		{05F6EF9D-DEA5-49DD-828B-ACF3B79AD96B}.Debug|Any CPU.Build.0 = Debug|Any CPU
		{05F6EF9D-DEA5-49DD-828B-ACF3B79AD96B}.Release|Any CPU.ActiveCfg = Release|Any CPU
		{05F6EF9D-DEA5-49DD-828B-ACF3B79AD96B}.Release|Any CPU.Build.0 = Release|Any CPU
		{846DA0E1-DC5F-49E4-A79A-DAB9F4C82E39}.Debug|Any CPU.ActiveCfg = Debug|Any CPU
		{846DA0E1-DC5F-49E4-A79A-DAB9F4C82E39}.Debug|Any CPU.Build.0 = Debug|Any CPU
		{846DA0E1-DC5F-49E4-A79A-DAB9F4C82E39}.Release|Any CPU.ActiveCfg = Release|Any CPU
		{846DA0E1-DC5F-49E4-A79A-DAB9F4C82E39}.Release|Any CPU.Build.0 = Release|Any CPU
		{7B5BE3AD-E900-45BF-BDA1-E9351B909D18}.Debug|Any CPU.ActiveCfg = Debug|Any CPU
		{7B5BE3AD-E900-45BF-BDA1-E9351B909D18}.Debug|Any CPU.Build.0 = Debug|Any CPU
		{7B5BE3AD-E900-45BF-BDA1-E9351B909D18}.Release|Any CPU.ActiveCfg = Release|Any CPU
		{7B5BE3AD-E900-45BF-BDA1-E9351B909D18}.Release|Any CPU.Build.0 = Release|Any CPU
		{20185A1D-20E4-4908-8FAE-B561107E6EC0}.Debug|Any CPU.ActiveCfg = Debug|Any CPU
		{20185A1D-20E4-4908-8FAE-B561107E6EC0}.Debug|Any CPU.Build.0 = Debug|Any CPU
		{20185A1D-20E4-4908-8FAE-B561107E6EC0}.Release|Any CPU.ActiveCfg = Release|Any CPU
		{20185A1D-20E4-4908-8FAE-B561107E6EC0}.Release|Any CPU.Build.0 = Release|Any CPU
		{330C21A8-DCF9-412C-9283-CD25EE2C6FDC}.Debug|Any CPU.ActiveCfg = Debug|Any CPU
		{330C21A8-DCF9-412C-9283-CD25EE2C6FDC}.Debug|Any CPU.Build.0 = Debug|Any CPU
		{330C21A8-DCF9-412C-9283-CD25EE2C6FDC}.Release|Any CPU.ActiveCfg = Release|Any CPU
		{330C21A8-DCF9-412C-9283-CD25EE2C6FDC}.Release|Any CPU.Build.0 = Release|Any CPU
		{CF830427-DC1D-41D1-950E-EEB4CE866468}.Debug|Any CPU.ActiveCfg = Debug|Any CPU
		{CF830427-DC1D-41D1-950E-EEB4CE866468}.Debug|Any CPU.Build.0 = Debug|Any CPU
		{CF830427-DC1D-41D1-950E-EEB4CE866468}.Release|Any CPU.ActiveCfg = Release|Any CPU
		{CF830427-DC1D-41D1-950E-EEB4CE866468}.Release|Any CPU.Build.0 = Release|Any CPU
		{28D74138-A0DB-4374-A8DB-EE68FA6C976D}.Debug|Any CPU.ActiveCfg = Debug|Any CPU
		{28D74138-A0DB-4374-A8DB-EE68FA6C976D}.Debug|Any CPU.Build.0 = Debug|Any CPU
		{28D74138-A0DB-4374-A8DB-EE68FA6C976D}.Release|Any CPU.ActiveCfg = Release|Any CPU
		{28D74138-A0DB-4374-A8DB-EE68FA6C976D}.Release|Any CPU.Build.0 = Release|Any CPU
		{683EA2A3-88B0-45E0-9536-595429CC54D1}.Debug|Any CPU.ActiveCfg = Debug|Any CPU
		{683EA2A3-88B0-45E0-9536-595429CC54D1}.Debug|Any CPU.Build.0 = Debug|Any CPU
		{683EA2A3-88B0-45E0-9536-595429CC54D1}.Release|Any CPU.ActiveCfg = Release|Any CPU
		{683EA2A3-88B0-45E0-9536-595429CC54D1}.Release|Any CPU.Build.0 = Release|Any CPU
	EndGlobalSection
	GlobalSection(SolutionProperties) = preSolution
		HideSolutionNode = FALSE
	EndGlobalSection
	GlobalSection(NestedProjects) = preSolution
		{7B5BE3AD-E900-45BF-BDA1-E9351B909D18} = {F5AB7F75-6CF2-4C78-8F79-0549F7AC9F7E}
		{20185A1D-20E4-4908-8FAE-B561107E6EC0} = {A89D2A09-122B-48C1-B326-26B782FF9621}
		{330C21A8-DCF9-412C-9283-CD25EE2C6FDC} = {DDD52805-5C68-46AF-A226-A3455271D621}
		{28D74138-A0DB-4374-A8DB-EE68FA6C976D} = {DDD52805-5C68-46AF-A226-A3455271D621}
	EndGlobalSection
EndGlobal
